
Microsoft Visual Studio Solution File, Format Version 12.00
# Visual Studio Version 17
VisualStudioVersion = 17.6.33801.468
MinimumVisualStudioVersion = 10.0.40219.1
Project("{FAE04EC0-301F-11D3-BF4B-00C04F79EFBC}") = "Practices", "Practices\Practices.csproj", "{C42FA971-BA3C-4437-8635-A7AD2A0EF8DF}"
EndProject
Project("{FAE04EC0-301F-11D3-BF4B-00C04F79EFBC}") = "Practices.Tests", "Practices.Tests\Practices.Tests.csproj", "{F7C6CCAB-88FC-4FD9-916F-416E16FC10E5}"
EndProject
Global
	GlobalSection(SolutionConfigurationPlatforms) = preSolution
		Debug|Any CPU = Debug|Any CPU
		Release|Any CPU = Release|Any CPU
	EndGlobalSection
	GlobalSection(ProjectConfigurationPlatforms) = postSolution
		{C42FA971-BA3C-4437-8635-A7AD2A0EF8DF}.Debug|Any CPU.ActiveCfg = Debug|Any CPU
		{C42FA971-BA3C-4437-8635-A7AD2A0EF8DF}.Debug|Any CPU.Build.0 = Debug|Any CPU
		{C42FA971-BA3C-4437-8635-A7AD2A0EF8DF}.Release|Any CPU.ActiveCfg = Release|Any CPU
		{C42FA971-BA3C-4437-8635-A7AD2A0EF8DF}.Release|Any CPU.Build.0 = Release|Any CPU
		{F7C6CCAB-88FC-4FD9-916F-416E16FC10E5}.Debug|Any CPU.ActiveCfg = Debug|Any CPU
		{F7C6CCAB-88FC-4FD9-916F-416E16FC10E5}.Debug|Any CPU.Build.0 = Debug|Any CPU
		{F7C6CCAB-88FC-4FD9-916F-416E16FC10E5}.Release|Any CPU.ActiveCfg = Release|Any CPU
		{F7C6CCAB-88FC-4FD9-916F-416E16FC10E5}.Release|Any CPU.Build.0 = Release|Any CPU
	EndGlobalSection
	GlobalSection(SolutionProperties) = preSolution
		HideSolutionNode = FALSE
	EndGlobalSection
	GlobalSection(ExtensibilityGlobals) = postSolution
		SolutionGuid = {D3B4F820-B5B4-451E-A24F-FB35D83BDFDE}
	EndGlobalSection
EndGlobal
